
Microsoft Visual Studio Solution File, Format Version 12.00
# Visual Studio Version 17
VisualStudioVersion = 17.13.35806.99 d17.13
MinimumVisualStudioVersion = 10.0.40219.1
Project("{FAE04EC0-301F-11D3-BF4B-00C04F79EFBC}") = "CybersecurityAwarenessBot", "CybersecurityAwarenessBot\CybersecurityAwarenessBot.csproj", "{0DE39904-82C0-439B-958F-CA2A237B8F03}"
EndProject
Global
	GlobalSection(SolutionConfigurationPlatforms) = preSolution
		Debug|Any CPU = Debug|Any CPU
		Release|Any CPU = Release|Any CPU
	EndGlobalSection
	GlobalSection(ProjectConfigurationPlatforms) = postSolution
		{0DE39904-82C0-439B-958F-CA2A237B8F03}.Debug|Any CPU.ActiveCfg = Debug|Any CPU
		{0DE39904-82C0-439B-958F-CA2A237B8F03}.Debug|Any CPU.Build.0 = Debug|Any CPU
		{0DE39904-82C0-439B-958F-CA2A237B8F03}.Release|Any CPU.ActiveCfg = Release|Any CPU
		{0DE39904-82C0-439B-958F-CA2A237B8F03}.Release|Any CPU.Build.0 = Release|Any CPU
	EndGlobalSection
	GlobalSection(SolutionProperties) = preSolution
		HideSolutionNode = FALSE
	EndGlobalSection
	GlobalSection(ExtensibilityGlobals) = postSolution
		SolutionGuid = {17A795B6-031D-4A11-BF93-06BB9A125B43}
	EndGlobalSection
EndGlobal
